
Microsoft Visual Studio Solution File, Format Version 12.00
# Visual Studio Version 16
VisualStudioVersion = 16.0.29519.87
MinimumVisualStudioVersion = 10.0.40219.1
Project("{FAE04EC0-301F-11D3-BF4B-00C04F79EFBC}") = "Lecture_07.01", "Lecture_07.01.csproj", "{4D404285-0937-434E-A3E4-3B2D48E49988}"
EndProject
Project("{FAE04EC0-301F-11D3-BF4B-00C04F79EFBC}") = "Lecture_07.02", "..\Lecture_07.02\Lecture_07.02.csproj", "{7E309E1B-ABDA-4345-B895-C9E47959B75D}"
EndProject
Global
	GlobalSection(SolutionConfigurationPlatforms) = preSolution
		Debug|Any CPU = Debug|Any CPU
		Release|Any CPU = Release|Any CPU
	EndGlobalSection
	GlobalSection(ProjectConfigurationPlatforms) = postSolution
		{4D404285-0937-434E-A3E4-3B2D48E49988}.Debug|Any CPU.ActiveCfg = Debug|Any CPU
		{4D404285-0937-434E-A3E4-3B2D48E49988}.Debug|Any CPU.Build.0 = Debug|Any CPU
		{4D404285-0937-434E-A3E4-3B2D48E49988}.Release|Any CPU.ActiveCfg = Release|Any CPU
		{4D404285-0937-434E-A3E4-3B2D48E49988}.Release|Any CPU.Build.0 = Release|Any CPU
		{7E309E1B-ABDA-4345-B895-C9E47959B75D}.Debug|Any CPU.ActiveCfg = Debug|Any CPU
		{7E309E1B-ABDA-4345-B895-C9E47959B75D}.Debug|Any CPU.Build.0 = Debug|Any CPU
		{7E309E1B-ABDA-4345-B895-C9E47959B75D}.Release|Any CPU.ActiveCfg = Release|Any CPU
		{7E309E1B-ABDA-4345-B895-C9E47959B75D}.Release|Any CPU.Build.0 = Release|Any CPU
	EndGlobalSection
	GlobalSection(SolutionProperties) = preSolution
		HideSolutionNode = FALSE
	EndGlobalSection
	GlobalSection(ExtensibilityGlobals) = postSolution
		SolutionGuid = {2763B10E-5DE1-4F09-8837-3A289A4DDCBA}
	EndGlobalSection
EndGlobal
